<Solution>
  <Folder Name="/src/">
    <Project Path="src/CreatorAnalytics.API/CreatorAnalytics.API.csproj" />
    <Project Path="src/CreatorAnalytics.Core/CreatorAnalytics.Core.csproj" />
    <Project Path="src/CreatorAnalytics.Infrastructure/CreatorAnalytics.Infrastructure.csproj" />
  </Folder>
</Solution>
